
Microsoft Visual Studio Solution File, Format Version 12.00
# Visual Studio Version 17
VisualStudioVersion = 17.9.34701.34
MinimumVisualStudioVersion = 10.0.40219.1
Project("{FAE04EC0-301F-11D3-BF4B-00C04F79EFBC}") = "Basic Responsive Layouts", "Basic Responsive Layouts\Basic Responsive Layouts.csproj", "{D380F81B-AF73-44BB-9C48-2302F5A4C680}"
EndProject
Global
	GlobalSection(SolutionConfigurationPlatforms) = preSolution
		Debug|Any CPU = Debug|Any CPU
		Release|Any CPU = Release|Any CPU
	EndGlobalSection
	GlobalSection(ProjectConfigurationPlatforms) = postSolution
		{D380F81B-AF73-44BB-9C48-2302F5A4C680}.Debug|Any CPU.ActiveCfg = Debug|Any CPU
		{D380F81B-AF73-44BB-9C48-2302F5A4C680}.Debug|Any CPU.Build.0 = Debug|Any CPU
		{D380F81B-AF73-44BB-9C48-2302F5A4C680}.Release|Any CPU.ActiveCfg = Release|Any CPU
		{D380F81B-AF73-44BB-9C48-2302F5A4C680}.Release|Any CPU.Build.0 = Release|Any CPU
	EndGlobalSection
	GlobalSection(SolutionProperties) = preSolution
		HideSolutionNode = FALSE
	EndGlobalSection
	GlobalSection(ExtensibilityGlobals) = postSolution
		SolutionGuid = {E26F3D02-EB17-486A-BE6F-DC5311D48D4C}
	EndGlobalSection
EndGlobal
